{
  "name": "@enact/ui",
  "version": "4.7.2",
  "lockfileVersion": 3,
  "requires": true,
  "packages": {
    "": {
      "name": "@enact/ui",
      "version": "4.7.2",
      "license": "Apache-2.0",
      "dependencies": {
        "@enact/core": "^4.7.2",
        "classnames": "^2.3.2",
        "direction": "^1.0.4",
        "invariant": "^2.2.4",
        "prop-types": "^15.8.1",
        "ramda": "^0.29.0",
        "react": "^18.2.0",
        "react-dom": "^18.2.0",
        "react-is": "^18.2.0",
        "warning": "^4.0.3"
      }
    },
    "../core": {
      "name": "@enact/core",
      "version": "4.7.2",
      "license": "Apache-2.0",
      "dependencies": {
        "classnames": "^2.3.2",
        "invariant": "^2.2.4",
        "prop-types": "^15.8.1",
        "ramda": "^0.29.0",
        "react": "^18.2.0",
        "react-dom": "^18.2.0",
        "react-is": "^18.2.0",
        "warning": "^4.0.3"
      }
    },
    "../core/node_modules/classnames": {
      "version": "2.3.2",
      "license": "MIT"
    },
    "../core/node_modules/invariant": {
      "version": "2.2.4",
      "license": "MIT",
      "dependencies": {
        "loose-envify": "^1.0.0"
      }
    },
    "../core/node_modules/js-tokens": {
      "version": "4.0.0",
      "license": "MIT"
    },
    "../core/node_modules/loose-envify": {
      "version": "1.4.0",
      "license": "MIT",
      "dependencies": {
        "js-tokens": "^3.0.0 || ^4.0.0"
      },
      "bin": {
        "loose-envify": "cli.jsx"
      }
    },
    "../core/node_modules/object-assign": {
      "version": "4.1.1",
      "license": "MIT",
      "engines": {
        "node": ">=0.10.0"
      }
    },
    "../core/node_modules/prop-types": {
      "version": "15.8.1",
      "license": "MIT",
      "dependencies": {
        "loose-envify": "^1.4.0",
        "object-assign": "^4.1.1",
        "react-is": "^16.13.1"
      }
    },
    "../core/node_modules/prop-types/node_modules/react-is": {
      "version": "16.13.1",
      "license": "MIT"
    },
    "../core/node_modules/ramda": {
      "version": "0.28.0",
      "license": "MIT",
      "funding": {
        "type": "opencollective",
        "url": "https://opencollective.com/ramda"
      }
    },
    "../core/node_modules/react": {
      "version": "18.2.0",
      "license": "MIT",
      "dependencies": {
        "loose-envify": "^1.1.0"
      },
      "engines": {
        "node": ">=0.10.0"
      }
    },
    "../core/node_modules/react-dom": {
      "version": "18.2.0",
      "license": "MIT",
      "dependencies": {
        "loose-envify": "^1.1.0",
        "scheduler": "^0.23.0"
      },
      "peerDependencies": {
        "react": "^18.2.0"
      }
    },
    "../core/node_modules/react-is": {
      "version": "18.2.0",
      "license": "MIT"
    },
    "../core/node_modules/scheduler": {
      "version": "0.23.0",
      "license": "MIT",
      "dependencies": {
        "loose-envify": "^1.1.0"
      }
    },
    "../core/node_modules/warning": {
      "version": "4.0.3",
      "license": "MIT",
      "dependencies": {
        "loose-envify": "^1.0.0"
      }
    },
    "node_modules/@enact/core": {
      "resolved": "../core",
      "link": true
    },
    "node_modules/classnames": {
      "version": "2.3.2",
      "license": "MIT"
    },
    "node_modules/direction": {
      "version": "1.0.4",
      "license": "MIT",
      "bin": {
        "direction": "cli.jsx"
      },
      "funding": {
        "type": "github",
        "url": "https://github.com/sponsors/wooorm"
      }
    },
    "node_modules/invariant": {
      "version": "2.2.4",
      "license": "MIT",
      "dependencies": {
        "loose-envify": "^1.0.0"
      }
    },
    "node_modules/js-tokens": {
      "version": "4.0.0",
      "license": "MIT"
    },
    "node_modules/loose-envify": {
      "version": "1.4.0",
      "license": "MIT",
      "dependencies": {
        "js-tokens": "^3.0.0 || ^4.0.0"
      },
      "bin": {
        "loose-envify": "cli.jsx"
      }
    },
    "node_modules/object-assign": {
      "version": "4.1.1",
      "license": "MIT",
      "engines": {
        "node": ">=0.10.0"
      }
    },
    "node_modules/prop-types": {
      "version": "15.8.1",
      "license": "MIT",
      "dependencies": {
        "loose-envify": "^1.4.0",
        "object-assign": "^4.1.1",
        "react-is": "^16.13.1"
      }
    },
    "node_modules/prop-types/node_modules/react-is": {
      "version": "16.13.1",
      "license": "MIT"
    },
    "node_modules/ramda": {
      "version": "0.29.0",
      "resolved": "https://registry.npmjs.org/ramda/-/ramda-0.29.0.tgz",
      "integrity": "sha512-BBea6L67bYLtdbOqfp8f58fPMqEwx0doL+pAi8TZyp2YWz8R9G8z9x75CZI8W+ftqhFHCpEX2cRnUUXK130iKA==",
      "funding": {
        "type": "opencollective",
        "url": "https://opencollective.com/ramda"
      }
    },
    "node_modules/react": {
      "version": "18.2.0",
      "license": "MIT",
      "dependencies": {
        "loose-envify": "^1.1.0"
      },
      "engines": {
        "node": ">=0.10.0"
      }
    },
    "node_modules/react-dom": {
      "version": "18.2.0",
      "license": "MIT",
      "dependencies": {
        "loose-envify": "^1.1.0",
        "scheduler": "^0.23.0"
      },
      "peerDependencies": {
        "react": "^18.2.0"
      }
    },
    "node_modules/react-is": {
      "version": "18.2.0",
      "license": "MIT"
    },
    "node_modules/scheduler": {
      "version": "0.23.0",
      "license": "MIT",
      "dependencies": {
        "loose-envify": "^1.1.0"
      }
    },
    "node_modules/warning": {
      "version": "4.0.3",
      "license": "MIT",
      "dependencies": {
        "loose-envify": "^1.0.0"
      }
    }
  }
}
